
Microsoft Visual Studio Solution File, Format Version 12.00
# Visual Studio Version 17
VisualStudioVersion = 17.11.35312.102
MinimumVisualStudioVersion = 10.0.40219.1
Project("{FAE04EC0-301F-11D3-BF4B-00C04F79EFBC}") = "Decorator", "Decorator\Decorator.csproj", "{D89ED8FA-DB91-473A-A72F-50A04C1FFAF8}"
EndProject
Global
	GlobalSection(SolutionConfigurationPlatforms) = preSolution
		Debug|Any CPU = Debug|Any CPU
		Release|Any CPU = Release|Any CPU
	EndGlobalSection
	GlobalSection(ProjectConfigurationPlatforms) = postSolution
		{D89ED8FA-DB91-473A-A72F-50A04C1FFAF8}.Debug|Any CPU.ActiveCfg = Debug|Any CPU
		{D89ED8FA-DB91-473A-A72F-50A04C1FFAF8}.Debug|Any CPU.Build.0 = Debug|Any CPU
		{D89ED8FA-DB91-473A-A72F-50A04C1FFAF8}.Release|Any CPU.ActiveCfg = Release|Any CPU
		{D89ED8FA-DB91-473A-A72F-50A04C1FFAF8}.Release|Any CPU.Build.0 = Release|Any CPU
	EndGlobalSection
	GlobalSection(SolutionProperties) = preSolution
		HideSolutionNode = FALSE
	EndGlobalSection
	GlobalSection(ExtensibilityGlobals) = postSolution
		SolutionGuid = {34DB9128-5FEE-49C2-BF55-690A1477E959}
	EndGlobalSection
EndGlobal
